
Microsoft Visual Studio Solution File, Format Version 12.00
# Visual Studio Version 17
VisualStudioVersion = 17.10.34928.147
MinimumVisualStudioVersion = 10.0.40219.1
Project("{FAE04EC0-301F-11D3-BF4B-00C04F79EFBC}") = "Login", "Login\Login.csproj", "{464B2A69-71DD-4FC6-9DE0-D14C5B3E367A}"
EndProject
Global
	GlobalSection(SolutionConfigurationPlatforms) = preSolution
		Debug|Any CPU = Debug|Any CPU
		Release|Any CPU = Release|Any CPU
	EndGlobalSection
	GlobalSection(ProjectConfigurationPlatforms) = postSolution
		{464B2A69-71DD-4FC6-9DE0-D14C5B3E367A}.Debug|Any CPU.ActiveCfg = Debug|Any CPU
		{464B2A69-71DD-4FC6-9DE0-D14C5B3E367A}.Debug|Any CPU.Build.0 = Debug|Any CPU
		{464B2A69-71DD-4FC6-9DE0-D14C5B3E367A}.Release|Any CPU.ActiveCfg = Release|Any CPU
		{464B2A69-71DD-4FC6-9DE0-D14C5B3E367A}.Release|Any CPU.Build.0 = Release|Any CPU
	EndGlobalSection
	GlobalSection(SolutionProperties) = preSolution
		HideSolutionNode = FALSE
	EndGlobalSection
	GlobalSection(ExtensibilityGlobals) = postSolution
		SolutionGuid = {EF144A51-1EAA-42BD-9BD6-715E4A21229A}
	EndGlobalSection
EndGlobal
